
Microsoft Visual Studio Solution File, Format Version 12.00
# Visual Studio Version 16
VisualStudioVersion = 16.0.30523.141
MinimumVisualStudioVersion = 10.0.40219.1
Project("{FAE04EC0-301F-11D3-BF4B-00C04F79EFBC}") = "NewBrandingStyle.Web", "NewBrandingStyle.Web\NewBrandingStyle.Web.csproj", "{364AAC93-9333-4532-9F90-A55A5727C7A2}"
EndProject
Global
	GlobalSection(SolutionConfigurationPlatforms) = preSolution
		Debug|Any CPU = Debug|Any CPU
		Release|Any CPU = Release|Any CPU
	EndGlobalSection
	GlobalSection(ProjectConfigurationPlatforms) = postSolution
		{364AAC93-9333-4532-9F90-A55A5727C7A2}.Debug|Any CPU.ActiveCfg = Debug|Any CPU
		{364AAC93-9333-4532-9F90-A55A5727C7A2}.Debug|Any CPU.Build.0 = Debug|Any CPU
		{364AAC93-9333-4532-9F90-A55A5727C7A2}.Release|Any CPU.ActiveCfg = Release|Any CPU
		{364AAC93-9333-4532-9F90-A55A5727C7A2}.Release|Any CPU.Build.0 = Release|Any CPU
	EndGlobalSection
	GlobalSection(SolutionProperties) = preSolution
		HideSolutionNode = FALSE
	EndGlobalSection
	GlobalSection(ExtensibilityGlobals) = postSolution
		SolutionGuid = {8B30B77A-5BCF-4098-99AD-E8F892F0D573}
	EndGlobalSection
EndGlobal
